
Microsoft Visual Studio Solution File, Format Version 12.00
# Visual Studio Version 17
VisualStudioVersion = 17.4.33122.133
MinimumVisualStudioVersion = 10.0.40219.1
Project("{FAE04EC0-301F-11D3-BF4B-00C04F79EFBC}") = "AppMongoDB", "AppMongoDB.csproj", "{A1E8F7C5-0639-4817-B21B-98D8296997A4}"
EndProject
Global
	GlobalSection(SolutionConfigurationPlatforms) = preSolution
		Debug|Any CPU = Debug|Any CPU
		Release|Any CPU = Release|Any CPU
	EndGlobalSection
	GlobalSection(ProjectConfigurationPlatforms) = postSolution
		{A1E8F7C5-0639-4817-B21B-98D8296997A4}.Debug|Any CPU.ActiveCfg = Debug|Any CPU
		{A1E8F7C5-0639-4817-B21B-98D8296997A4}.Debug|Any CPU.Build.0 = Debug|Any CPU
		{A1E8F7C5-0639-4817-B21B-98D8296997A4}.Release|Any CPU.ActiveCfg = Release|Any CPU
		{A1E8F7C5-0639-4817-B21B-98D8296997A4}.Release|Any CPU.Build.0 = Release|Any CPU
	EndGlobalSection
	GlobalSection(SolutionProperties) = preSolution
		HideSolutionNode = FALSE
	EndGlobalSection
	GlobalSection(ExtensibilityGlobals) = postSolution
		SolutionGuid = {4A9C5080-58B2-48E2-B9D4-9FA92E073EF7}
	EndGlobalSection
EndGlobal
